// !$*UTF8*$!
{
	archiveVersion = 1;
	classes = {
	};
	objectVersion = 46;
	objects = {

/* Begin PBXBuildFile section */
		8ED9553E178596FD0005AD03 /* UIKit.framework in Frameworks */ = {isa = PBXBuildFile; fileRef = 8ED9553D178596FD0005AD03 /* UIKit.framework */; };
		8ED95540178596FD0005AD03 /* Foundation.framework in Frameworks */ = {isa = PBXBuildFile; fileRef = 8ED9553F178596FD0005AD03 /* Foundation.framework */; };
		8ED95542178596FD0005AD03 /* CoreGraphics.framework in Frameworks */ = {isa = PBXBuildFile; fileRef = 8ED95541178596FD0005AD03 /* CoreGraphics.framework */; };
		8ED95548178596FD0005AD03 /* InfoPlist.strings in Resources */ = {isa = PBXBuildFile; fileRef = 8ED95546178596FD0005AD03 /* InfoPlist.strings */; };
		8ED9554A178596FD0005AD03 /* main.m in Sources */ = {isa = PBXBuildFile; fileRef = 8ED95549178596FD0005AD03 /* main.m */; };
		8ED9554E178596FD0005AD03 /* AppDelegate.m in Sources */ = {isa = PBXBuildFile; fileRef = 8ED9554D178596FD0005AD03 /* AppDelegate.m */; };
		8ED95550178596FD0005AD03 /* Default.png in Resources */ = {isa = PBXBuildFile; fileRef = 8ED9554F178596FD0005AD03 /* Default.png */; };
		8ED95552178596FD0005AD03 /* Default@2x.png in Resources */ = {isa = PBXBuildFile; fileRef = 8ED95551178596FD0005AD03 /* Default@2x.png */; };
		8ED95554178596FD0005AD03 /* Default-568h@2x.png in Resources */ = {isa = PBXBuildFile; fileRef = 8ED95553178596FD0005AD03 /* Default-568h@2x.png */; };
		8ED95557178596FD0005AD03 /* MainStoryboard_iPhone.storyboard in Resources */ = {isa = PBXBuildFile; fileRef = 8ED95555178596FD0005AD03 /* MainStoryboard_iPhone.storyboard */; };
		8ED9555A178596FD0005AD03 /* MainStoryboard_iPad.storyboard in Resources */ = {isa = PBXBuildFile; fileRef = 8ED95558178596FD0005AD03 /* MainStoryboard_iPad.storyboard */; };
		8ED9555D178596FD0005AD03 /* ViewController.m in Sources */ = {isa = PBXBuildFile; fileRef = 8ED9555C178596FD0005AD03 /* ViewController.m */; };
/* End PBXBuildFile section */

/* Begin PBXFileReference section */
		8ED9553A178596FD0005AD03 /* run.app */ = {isa = PBXFileReference; explicitFileType = wrapper.application; includeInIndex = 0; path = run.app; sourceTree = BUILT_PRODUCTS_DIR; };
		8ED9553D178596FD0005AD03 /* UIKit.framework */ = {isa = PBXFileReference; lastKnownFileType = wrapper.framework; name = UIKit.framework; path = System/Library/Frameworks/UIKit.framework; sourceTree = SDKROOT; };
		8ED9553F178596FD0005AD03 /* Foundation.framework */ = {isa = PBXFileReference; lastKnownFileType = wrapper.framework; name = Foundation.framework; path = System/Library/Frameworks/Foundation.framework; sourceTree = SDKROOT; };
		8ED95541178596FD0005AD03 /* CoreGraphics.framework */ = {isa = PBXFileReference; lastKnownFileType = wrapper.framework; name = CoreGraphics.framework; path = System/Library/Frameworks/CoreGraphics.framework; sourceTree = SDKROOT; };
		8ED95545178596FD0005AD03 /* run-Info.plist */ = {isa = PBXFileReference; lastKnownFileType = text.plist.xml; path = "run-Info.plist"; sourceTree = "<group>"; };
		8ED95547178596FD0005AD03 /* en */ = {isa = PBXFileReference; lastKnownFileType = text.plist.strings; name = en; path = en.lproj/InfoPlist.strings; sourceTree = "<group>"; };
		8ED95549178596FD0005AD03 /* main.m */ = {isa = PBXFileReference; lastKnownFileType = sourcecode.c.objc; path = main.m; sourceTree = "<group>"; };
		8ED9554B178596FD0005AD03 /* run-Prefix.pch */ = {isa = PBXFileReference; lastKnownFileType = sourcecode.c.h; path = "run-Prefix.pch"; sourceTree = "<group>"; };
		8ED9554C178596FD0005AD03 /* AppDelegate.h */ = {isa = PBXFileReference; lastKnownFileType = sourcecode.c.h; path = AppDelegate.h; sourceTree = "<group>"; };
		8ED9554D178596FD0005AD03 /* AppDelegate.m */ = {isa = PBXFileReference; lastKnownFileType = sourcecode.c.objc; path = AppDelegate.m; sourceTree = "<group>"; };
		8ED9554F178596FD0005AD03 /* Default.png */ = {isa = PBXFileReference; lastKnownFileType = image.png; path = Default.png; sourceTree = "<group>"; };
		8ED95551178596FD0005AD03 /* Default@2x.png */ = {isa = PBXFileReference; lastKnownFileType = image.png; path = "Default@2x.png"; sourceTree = "<group>"; };
		8ED95553178596FD0005AD03 /* Default-568h@2x.png */ = {isa = PBXFileReference; lastKnownFileType = image.png; path = "Default-568h@2x.png"; sourceTree = "<group>"; };
		8ED95556178596FD0005AD03 /* en */ = {isa = PBXFileReference; lastKnownFileType = file.storyboard; name = en; path = en.lproj/MainStoryboard_iPhone.storyboard; sourceTree = "<group>"; };
		8ED95559178596FD0005AD03 /* en */ = {isa = PBXFileReference; lastKnownFileType = file.storyboard; name = en; path = en.lproj/MainStoryboard_iPad.storyboard; sourceTree = "<group>"; };
		8ED9555B178596FD0005AD03 /* ViewController.h */ = {isa = PBXFileReference; lastKnownFileType = sourcecode.c.h; path = ViewController.h; sourceTree = "<group>"; };
		8ED9555C178596FD0005AD03 /* ViewController.m */ = {isa = PBXFileReference; lastKnownFileType = sourcecode.c.objc; path = ViewController.m; sourceTree = "<group>"; };
/* End PBXFileReference section */

/* Begin PBXFrameworksBuildPhase section */
		8ED95537178596FD0005AD03 /* Frameworks */ = {
			isa = PBXFrameworksBuildPhase;
			buildActionMask = 2147483647;
			files = (
				8ED9553E178596FD0005AD03 /* UIKit.framework in Frameworks */,
				8ED95540178596FD0005AD03 /* Foundation.framework in Frameworks */,
				8ED95542178596FD0005AD03 /* CoreGraphics.framework in Frameworks */,
			);
			runOnlyForDeploymentPostprocessing = 0;
		};
/* End PBXFrameworksBuildPhase section */

/* Begin PBXGroup section */
		8ED95531178596FD0005AD03 = {
			isa = PBXGroup;
			children = (
				8ED95543178596FD0005AD03 /* run */,
				8ED9553C178596FD0005AD03 /* Frameworks */,
				8ED9553B178596FD0005AD03 /* Products */,
			);
			sourceTree = "<group>";
		};
		8ED9553B178596FD0005AD03 /* Products */ = {
			isa = PBXGroup;
			children = (
				8ED9553A178596FD0005AD03 /* run.app */,
			);
			name = Products;
			sourceTree = "<group>";
		};
		8ED9553C178596FD0005AD03 /* Frameworks */ = {
			isa = PBXGroup;
			children = (
				8ED9553D178596FD0005AD03 /* UIKit.framework */,
				8ED9553F178596FD0005AD03 /* Foundation.framework */,
				8ED95541178596FD0005AD03 /* CoreGraphics.framework */,
			);
			name = Frameworks;
			sourceTree = "<group>";
		};
		8ED95543178596FD0005AD03 /* run */ = {
			isa = PBXGroup;
			children = (
				8ED9554C178596FD0005AD03 /* AppDelegate.h */,
				8ED9554D178596FD0005AD03 /* AppDelegate.m */,
				8ED95555178596FD0005AD03 /* MainStoryboard_iPhone.storyboard */,
				8ED95558178596FD0005AD03 /* MainStoryboard_iPad.storyboard */,
				8ED9555B178596FD0005AD03 /* ViewController.h */,
				8ED9555C178596FD0005AD03 /* ViewController.m */,
				8ED95544178596FD0005AD03 /* Supporting Files */,
			);
			path = run;
			sourceTree = "<group>";
		};
		8ED95544178596FD0005AD03 /* Supporting Files */ = {
			isa = PBXGroup;
			children = (
				8ED95545178596FD0005AD03 /* run-Info.plist */,
				8ED95546178596FD0005AD03 /* InfoPlist.strings */,
				8ED95549178596FD0005AD03 /* main.m */,
				8ED9554B178596FD0005AD03 /* run-Prefix.pch */,
				8ED9554F178596FD0005AD03 /* Default.png */,
				8ED95551178596FD0005AD03 /* Default@2x.png */,
				8ED95553178596FD0005AD03 /* Default-568h@2x.png */,
			);
			name = "Supporting Files";
			sourceTree = "<group>";
		};
/* End PBXGroup section */

/* Begin PBXNativeTarget section */
		8ED95539178596FD0005AD03 /* run */ = {
			isa = PBXNativeTarget;
			buildConfigurationList = 8ED95560178596FD0005AD03 /* Build configuration list for PBXNativeTarget "run" */;
			buildPhases = (
				8ED95536178596FD0005AD03 /* Sources */,
				8ED95537178596FD0005AD03 /* Frameworks */,
				8ED95538178596FD0005AD03 /* Resources */,
			);
			buildRules = (
			);
			dependencies = (
			);
			name = run;
			productName = run;
			productReference = 8ED9553A178596FD0005AD03 /* run.app */;
			productType = "com.apple.product-type.application";
		};
/* End PBXNativeTarget section */

/* Begin PBXProject section */
		8ED95532178596FD0005AD03 /* Project object */ = {
			isa = PBXProject;
			attributes = {
				LastUpgradeCheck = 0460;
				ORGANIZATIONNAME = easyluo;
			};
			buildConfigurationList = 8ED95535178596FD0005AD03 /* Build configuration list for PBXProject "run" */;
			compatibilityVersion = "Xcode 3.2";
			developmentRegion = English;
			hasScannedForEncodings = 0;
			knownRegions = (
				en,
			);
			mainGroup = 8ED95531178596FD0005AD03;
			productRefGroup = 8ED9553B178596FD0005AD03 /* Products */;
			projectDirPath = "";
			projectRoot = "";
			targets = (
				8ED95539178596FD0005AD03 /* run */,
			);
		};
/* End PBXProject section */

/* Begin PBXResourcesBuildPhase section */
		8ED95538178596FD0005AD03 /* Resources */ = {
			isa = PBXResourcesBuildPhase;
			buildActionMask = 2147483647;
			files = (
				8ED95548178596FD0005AD03 /* InfoPlist.strings in Resources */,
				8ED95550178596FD0005AD03 /* Default.png in Resources */,
				8ED95552178596FD0005AD03 /* Default@2x.png in Resources */,
				8ED95554178596FD0005AD03 /* Default-568h@2x.png in Resources */,
				8ED95557178596FD0005AD03 /* MainStoryboard_iPhone.storyboard in Resources */,
				8ED9555A178596FD0005AD03 /* MainStoryboard_iPad.storyboard in Resources */,
			);
			runOnlyForDeploymentPostprocessing = 0;
		};
/* End PBXResourcesBuildPhase section */

/* Begin PBXSourcesBuildPhase section */
		8ED95536178596FD0005AD03 /* Sources */ = {
			isa = PBXSourcesBuildPhase;
			buildActionMask = 2147483647;
			files = (
				8ED9554A178596FD0005AD03 /* main.m in Sources */,
				8ED9554E178596FD0005AD03 /* AppDelegate.m in Sources */,
				8ED9555D178596FD0005AD03 /* ViewController.m in Sources */,
			);
			runOnlyForDeploymentPostprocessing = 0;
		};
/* End PBXSourcesBuildPhase section */

/* Begin PBXVariantGroup section */
		8ED95546178596FD0005AD03 /* InfoPlist.strings */ = {
			isa = PBXVariantGroup;
			children = (
				8ED95547178596FD0005AD03 /* en */,
			);
			name = InfoPlist.strings;
			sourceTree = "<group>";
		};
		8ED95555178596FD0005AD03 /* MainStoryboard_iPhone.storyboard */ = {
			isa = PBXVariantGroup;
			children = (
				8ED95556178596FD0005AD03 /* en */,
			);
			name = MainStoryboard_iPhone.storyboard;
			sourceTree = "<group>";
		};
		8ED95558178596FD0005AD03 /* MainStoryboard_iPad.storyboard */ = {
			isa = PBXVariantGroup;
			children = (
				8ED95559178596FD0005AD03 /* en */,
			);
			name = MainStoryboard_iPad.storyboard;
			sourceTree = "<group>";
		};
/* End PBXVariantGroup section */

/* Begin XCBuildConfiguration section */
		8ED9555E178596FD0005AD03 /* Debug */ = {
			isa = XCBuildConfiguration;
			buildSettings = {
				ALWAYS_SEARCH_USER_PATHS = NO;
				CLANG_CXX_LANGUAGE_STANDARD = "gnu++0x";
				CLANG_CXX_LIBRARY = "libc++";
				CLANG_WARN_CONSTANT_CONVERSION = YES;
				CLANG_WARN_EMPTY_BODY = YES;
				CLANG_WARN_ENUM_CONVERSION = YES;
				CLANG_WARN_INT_CONVERSION = YES;
				CLANG_WARN__DUPLICATE_METHOD_MATCH = YES;
				"CODE_SIGN_IDENTITY[sdk=iphoneos*]" = "iPhone Developer";
				COPY_PHASE_STRIP = NO;
				GCC_C_LANGUAGE_STANDARD = gnu99;
				GCC_DYNAMIC_NO_PIC = NO;
				GCC_OPTIMIZATION_LEVEL = 0;
				GCC_PREPROCESSOR_DEFINITIONS = (
					"DEBUG=1",
					"$(inherited)",
				);
				GCC_SYMBOLS_PRIVATE_EXTERN = NO;
				GCC_WARN_ABOUT_RETURN_TYPE = YES;
				GCC_WARN_UNINITIALIZED_AUTOS = YES;
				GCC_WARN_UNUSED_VARIABLE = YES;
				IPHONEOS_DEPLOYMENT_TARGET = 6.1;
				ONLY_ACTIVE_ARCH = YES;
				SDKROOT = iphoneos;
				TARGETED_DEVICE_FAMILY = "1,2";
			};
			name = Debug;
		};
		8ED9555F178596FD0005AD03 /* Release */ = {
			isa = XCBuildConfiguration;
			buildSettings = {
				ALWAYS_SEARCH_USER_PATHS = NO;
				CLANG_CXX_LANGUAGE_STANDARD = "gnu++0x";
				CLANG_CXX_LIBRARY = "libc++";
				CLANG_WARN_CONSTANT_CONVERSION = YES;
				CLANG_WARN_EMPTY_BODY = YES;
				CLANG_WARN_ENUM_CONVERSION = YES;
				CLANG_WARN_INT_CONVERSION = YES;
				CLANG_WARN__DUPLICATE_METHOD_MATCH = YES;
				"CODE_SIGN_IDENTITY[sdk=iphoneos*]" = "iPhone Developer";
				COPY_PHASE_STRIP = YES;
				GCC_C_LANGUAGE_STANDARD = gnu99;
				GCC_WARN_ABOUT_RETURN_TYPE = YES;
				GCC_WARN_UNINITIALIZED_AUTOS = YES;
				GCC_WARN_UNUSED_VARIABLE = YES;
				IPHONEOS_DEPLOYMENT_TARGET = 6.1;
				OTHER_CFLAGS = "-DNS_BLOCK_ASSERTIONS=1";
				SDKROOT = iphoneos;
				TARGETED_DEVICE_FAMILY = "1,2";
				VALIDATE_PRODUCT = YES;
			};
			name = Release;
		};
		8ED95561178596FD0005AD03 /* Debug */ = {
			isa = XCBuildConfiguration;
			buildSettings = {
				GCC_PRECOMPILE_PREFIX_HEADER = YES;
				GCC_PREFIX_HEADER = "run/run-Prefix.pch";
				INFOPLIST_FILE = "run/run-Info.plist";
				PRODUCT_NAME = "$(TARGET_NAME)";
				WRAPPER_EXTENSION = app;
			};
			name = Debug;
		};
		8ED95562178596FD0005AD03 /* Release */ = {
			isa = XCBuildConfiguration;
			buildSettings = {
				GCC_PRECOMPILE_PREFIX_HEADER = YES;
				GCC_PREFIX_HEADER = "run/run-Prefix.pch";
				INFOPLIST_FILE = "run/run-Info.plist";
				PRODUCT_NAME = "$(TARGET_NAME)";
				WRAPPER_EXTENSION = app;
			};
			name = Release;
		};
/* End XCBuildConfiguration section */

/* Begin XCConfigurationList section */
		8ED95535178596FD0005AD03 /* Build configuration list for PBXProject "run" */ = {
			isa = XCConfigurationList;
			buildConfigurations = (
				8ED9555E178596FD0005AD03 /* Debug */,
				8ED9555F178596FD0005AD03 /* Release */,
			);
			defaultConfigurationIsVisible = 0;
			defaultConfigurationName = Release;
		};
		8ED95560178596FD0005AD03 /* Build configuration list for PBXNativeTarget "run" */ = {
			isa = XCConfigurationList;
			buildConfigurations = (
				8ED95561178596FD0005AD03 /* Debug */,
				8ED95562178596FD0005AD03 /* Release */,
			);
			defaultConfigurationIsVisible = 0;
		};
/* End XCConfigurationList section */
	};
	rootObject = 8ED95532178596FD0005AD03 /* Project object */;
}
